
Microsoft Visual Studio Solution File, Format Version 12.00
# Visual Studio Version 16
VisualStudioVersion = 16.0.31105.61
MinimumVisualStudioVersion = 10.0.40219.1
Project("{FAE04EC0-301F-11D3-BF4B-00C04F79EFBC}") = "Health-Watch-API", "Health-Watch-API\Health-Watch-API.csproj", "{4DC1CCAF-494D-4E19-B33D-150EF5EBE368}"
EndProject
Global
	GlobalSection(SolutionConfigurationPlatforms) = preSolution
		Debug|Any CPU = Debug|Any CPU
		Release|Any CPU = Release|Any CPU
	EndGlobalSection
	GlobalSection(ProjectConfigurationPlatforms) = postSolution
		{4DC1CCAF-494D-4E19-B33D-150EF5EBE368}.Debug|Any CPU.ActiveCfg = Debug|Any CPU
		{4DC1CCAF-494D-4E19-B33D-150EF5EBE368}.Debug|Any CPU.Build.0 = Debug|Any CPU
		{4DC1CCAF-494D-4E19-B33D-150EF5EBE368}.Release|Any CPU.ActiveCfg = Release|Any CPU
		{4DC1CCAF-494D-4E19-B33D-150EF5EBE368}.Release|Any CPU.Build.0 = Release|Any CPU
	EndGlobalSection
	GlobalSection(SolutionProperties) = preSolution
		HideSolutionNode = FALSE
	EndGlobalSection
	GlobalSection(ExtensibilityGlobals) = postSolution
		SolutionGuid = {819DC392-904F-47EB-B761-40DB4BAB1741}
	EndGlobalSection
EndGlobal
